
Microsoft Visual Studio Solution File, Format Version 12.00
# Visual Studio 15
VisualStudioVersion = 15.0.27625.0
MinimumVisualStudioVersion = 10.0.40219.1
Project("{FAE04EC0-301F-11D3-BF4B-00C04F79EFBC}") = "Portable.Text.Encoding", "Portable.Text.Encoding\Portable.Text.Encoding.csproj", "{EEE48C75-11BE-4B50-B759-F85B5052D473}"
EndProject
Global
	GlobalSection(SolutionConfigurationPlatforms) = preSolution
		Debug|Any CPU = Debug|Any CPU
		Release|Any CPU = Release|Any CPU
	EndGlobalSection
	GlobalSection(ProjectConfigurationPlatforms) = postSolution
		{EEE48C75-11BE-4B50-B759-F85B5052D473}.Debug|Any CPU.ActiveCfg = Debug|Any CPU
		{EEE48C75-11BE-4B50-B759-F85B5052D473}.Debug|Any CPU.Build.0 = Debug|Any CPU
		{EEE48C75-11BE-4B50-B759-F85B5052D473}.Release|Any CPU.ActiveCfg = Release|Any CPU
		{EEE48C75-11BE-4B50-B759-F85B5052D473}.Release|Any CPU.Build.0 = Release|Any CPU
	EndGlobalSection
	GlobalSection(SolutionProperties) = preSolution
		HideSolutionNode = FALSE
	EndGlobalSection
	GlobalSection(ExtensibilityGlobals) = postSolution
		SolutionGuid = {EAE04A38-0F28-42ED-BF19-028BB9CF3BE1}
	EndGlobalSection
	GlobalSection(MonoDevelopProperties) = preSolution
		StartupItem = Portable.Text.Encoding\Portable.Text.Encoding.csproj
	EndGlobalSection
EndGlobal
